
Microsoft Visual Studio Solution File, Format Version 12.00
# Visual Studio Version 17
VisualStudioVersion = 17.14.36310.24 d17.14
MinimumVisualStudioVersion = 10.0.40219.1
Project("{FAE04EC0-301F-11D3-BF4B-00C04F79EFBC}") = "28) Travel Planner Budget Split", "28) Travel Planner Budget Split.csproj", "{451B212E-F9C7-466A-8868-4719683B4905}"
EndProject
Global
	GlobalSection(SolutionConfigurationPlatforms) = preSolution
		Debug|Any CPU = Debug|Any CPU
		Release|Any CPU = Release|Any CPU
	EndGlobalSection
	GlobalSection(ProjectConfigurationPlatforms) = postSolution
		{451B212E-F9C7-466A-8868-4719683B4905}.Debug|Any CPU.ActiveCfg = Debug|Any CPU
		{451B212E-F9C7-466A-8868-4719683B4905}.Debug|Any CPU.Build.0 = Debug|Any CPU
		{451B212E-F9C7-466A-8868-4719683B4905}.Release|Any CPU.ActiveCfg = Release|Any CPU
		{451B212E-F9C7-466A-8868-4719683B4905}.Release|Any CPU.Build.0 = Release|Any CPU
	EndGlobalSection
	GlobalSection(SolutionProperties) = preSolution
		HideSolutionNode = FALSE
	EndGlobalSection
	GlobalSection(ExtensibilityGlobals) = postSolution
		SolutionGuid = {F860345E-65E9-41C4-AA82-75542215C6FE}
	EndGlobalSection
EndGlobal
